
Microsoft Visual Studio Solution File, Format Version 12.00
# Visual Studio Version 17
VisualStudioVersion = 17.5.002.0
MinimumVisualStudioVersion = 10.0.40219.1
Project("{9A19103F-16F7-4668-BE54-9A1E7A4F7556}") = "Desafio-Hotel", "Desafio-Hotel.csproj", "{3F26AA0E-C2DF-426E-8FF7-C82202763531}"
EndProject
Global
	GlobalSection(SolutionConfigurationPlatforms) = preSolution
		Debug|Any CPU = Debug|Any CPU
		Release|Any CPU = Release|Any CPU
	EndGlobalSection
	GlobalSection(ProjectConfigurationPlatforms) = postSolution
		{3F26AA0E-C2DF-426E-8FF7-C82202763531}.Debug|Any CPU.ActiveCfg = Debug|Any CPU
		{3F26AA0E-C2DF-426E-8FF7-C82202763531}.Debug|Any CPU.Build.0 = Debug|Any CPU
		{3F26AA0E-C2DF-426E-8FF7-C82202763531}.Release|Any CPU.ActiveCfg = Release|Any CPU
		{3F26AA0E-C2DF-426E-8FF7-C82202763531}.Release|Any CPU.Build.0 = Release|Any CPU
	EndGlobalSection
	GlobalSection(SolutionProperties) = preSolution
		HideSolutionNode = FALSE
	EndGlobalSection
	GlobalSection(ExtensibilityGlobals) = postSolution
		SolutionGuid = {D0614AFB-B2B3-4697-BC89-76D8CD743D13}
	EndGlobalSection
EndGlobal
